
Microsoft Visual Studio Solution File, Format Version 12.00
# Visual Studio 14
VisualStudioVersion = 14.0.23107.0
MinimumVisualStudioVersion = 10.0.40219.1
Project("{2150E333-8FDC-42A3-9474-1A3956D46DE8}") = "source", "source", "{2E82AC0B-5D65-43B5-B42D-4155A63D91C1}"
EndProject
Project("{2150E333-8FDC-42A3-9474-1A3956D46DE8}") = "test", "test", "{04C3635B-90CA-44D2-BF68-6FD79B189282}"
EndProject
Project("{FAE04EC0-301F-11D3-BF4B-00C04F79EFBC}") = "DrawTogether.Site", "source\DrawTogether.Site\DrawTogether.Site.csproj", "{38E3A5D1-7244-421B-ACF4-F49E05AF7D06}"
EndProject
Project("{2150E333-8FDC-42A3-9474-1A3956D46DE8}") = "PublishScripts", "PublishScripts", "{E12C43EE-25CE-43C2-8062-FB4543F2AAB1}"
	ProjectSection(SolutionItems) = preProject
		PublishScripts\AzureWebsitePublishModule.psm1 = PublishScripts\AzureWebsitePublishModule.psm1
		PublishScripts\Publish-WebApplicationWebsite.ps1 = PublishScripts\Publish-WebApplicationWebsite.ps1
	EndProjectSection
EndProject
Project("{2150E333-8FDC-42A3-9474-1A3956D46DE8}") = "Configurations", "Configurations", "{878B3C81-3BCF-48E2-AE0D-878B80B1EF42}"
	ProjectSection(SolutionItems) = preProject
		PublishScripts\Configurations\DrawTogetherSite-WAWS-dev.json = PublishScripts\Configurations\DrawTogetherSite-WAWS-dev.json
	EndProjectSection
EndProject
Project("{2150E333-8FDC-42A3-9474-1A3956D46DE8}") = "common", "common", "{87E8EBC0-E142-4B28-A2B2-4CD5AC2CADDA}"
	ProjectSection(SolutionItems) = preProject
		common\DrawTogether.snk = common\DrawTogether.snk
		common\FeatherSharp.cmd = common\FeatherSharp.cmd
	EndProjectSection
EndProject
Project("{2150E333-8FDC-42A3-9474-1A3956D46DE8}") = "common_source", "common_source", "{574A841E-D595-4C0D-BBD2-4A40E6FE3AA3}"
	ProjectSection(SolutionItems) = preProject
		source\common\AssemblyInfo.Common.cs = source\common\AssemblyInfo.Common.cs
	EndProjectSection
EndProject
Project("{FAE04EC0-301F-11D3-BF4B-00C04F79EFBC}") = "DrawTogether.DomainModel", "source\DrawTogether.DomainModel\DrawTogether.DomainModel.csproj", "{A73AF90B-B35B-4D2E-A960-A930284AF24C}"
EndProject
Project("{FAE04EC0-301F-11D3-BF4B-00C04F79EFBC}") = "Test.DrawTogether.DomainModel", "test\Test.DrawTogether.DomainModel\Test.DrawTogether.DomainModel.csproj", "{5A79D7EA-F858-492B-A00B-1F956AE3C148}"
EndProject
Project("{FAE04EC0-301F-11D3-BF4B-00C04F79EFBC}") = "Test.DrawTogether.Site", "test\Test.DrawTogether.Site\Test.DrawTogether.Site.csproj", "{B2FCA0C6-B821-4051-A282-C42486357D6C}"
EndProject
Global
	GlobalSection(SolutionConfigurationPlatforms) = preSolution
		Debug|Any CPU = Debug|Any CPU
		Release|Any CPU = Release|Any CPU
	EndGlobalSection
	GlobalSection(ProjectConfigurationPlatforms) = postSolution
		{38E3A5D1-7244-421B-ACF4-F49E05AF7D06}.Debug|Any CPU.ActiveCfg = Debug|Any CPU
		{38E3A5D1-7244-421B-ACF4-F49E05AF7D06}.Debug|Any CPU.Build.0 = Debug|Any CPU
		{38E3A5D1-7244-421B-ACF4-F49E05AF7D06}.Release|Any CPU.ActiveCfg = Release|Any CPU
		{38E3A5D1-7244-421B-ACF4-F49E05AF7D06}.Release|Any CPU.Build.0 = Release|Any CPU
		{A73AF90B-B35B-4D2E-A960-A930284AF24C}.Debug|Any CPU.ActiveCfg = Debug|Any CPU
		{A73AF90B-B35B-4D2E-A960-A930284AF24C}.Debug|Any CPU.Build.0 = Debug|Any CPU
		{A73AF90B-B35B-4D2E-A960-A930284AF24C}.Release|Any CPU.ActiveCfg = Release|Any CPU
		{A73AF90B-B35B-4D2E-A960-A930284AF24C}.Release|Any CPU.Build.0 = Release|Any CPU
		{5A79D7EA-F858-492B-A00B-1F956AE3C148}.Debug|Any CPU.ActiveCfg = Debug|Any CPU
		{5A79D7EA-F858-492B-A00B-1F956AE3C148}.Debug|Any CPU.Build.0 = Debug|Any CPU
		{5A79D7EA-F858-492B-A00B-1F956AE3C148}.Release|Any CPU.ActiveCfg = Release|Any CPU
		{5A79D7EA-F858-492B-A00B-1F956AE3C148}.Release|Any CPU.Build.0 = Release|Any CPU
		{B2FCA0C6-B821-4051-A282-C42486357D6C}.Debug|Any CPU.ActiveCfg = Debug|Any CPU
		{B2FCA0C6-B821-4051-A282-C42486357D6C}.Debug|Any CPU.Build.0 = Debug|Any CPU
		{B2FCA0C6-B821-4051-A282-C42486357D6C}.Release|Any CPU.ActiveCfg = Release|Any CPU
		{B2FCA0C6-B821-4051-A282-C42486357D6C}.Release|Any CPU.Build.0 = Release|Any CPU
	EndGlobalSection
	GlobalSection(SolutionProperties) = preSolution
		HideSolutionNode = FALSE
	EndGlobalSection
	GlobalSection(NestedProjects) = preSolution
		{38E3A5D1-7244-421B-ACF4-F49E05AF7D06} = {2E82AC0B-5D65-43B5-B42D-4155A63D91C1}
		{878B3C81-3BCF-48E2-AE0D-878B80B1EF42} = {E12C43EE-25CE-43C2-8062-FB4543F2AAB1}
		{574A841E-D595-4C0D-BBD2-4A40E6FE3AA3} = {2E82AC0B-5D65-43B5-B42D-4155A63D91C1}
		{A73AF90B-B35B-4D2E-A960-A930284AF24C} = {2E82AC0B-5D65-43B5-B42D-4155A63D91C1}
		{5A79D7EA-F858-492B-A00B-1F956AE3C148} = {04C3635B-90CA-44D2-BF68-6FD79B189282}
		{B2FCA0C6-B821-4051-A282-C42486357D6C} = {04C3635B-90CA-44D2-BF68-6FD79B189282}
	EndGlobalSection
EndGlobal
